{
  "nodes": {
    "nixpkgs": {
      "locked": {
        "lastModified": 1746816286,
        "narHash": "sha256-644rJftbch/3sq2kQ+JaN+db4xQOEYYCclYR1gmFjwQ=",
        "owner": "petm5",
        "repo": "nixpkgs",
        "rev": "769b6595bcb906852ebc4014aa149490c30ac3c6",
        "type": "github"
      },
      "original": {
        "owner": "petm5",
        "ref": "fix-init-run-mount",
        "repo": "nixpkgs",
        "type": "github"
      }
    },
    "root": {
      "inputs": {
        "nixpkgs": "nixpkgs"
      }
    }
  },
  "root": "root",
  "version": 7
}
