{
  "nodes": {
    "nixpkgs": {
      "locked": {
        "lastModified": 1738923654,
        "narHash": "sha256-ozZdT3iS0GKhvwJtoPxvCKmMHKFkAf7clkGlDn9WbQ0=",
        "owner": "NixOS",
        "repo": "nixpkgs",
        "rev": "f59e5367f7449f906bdd01b3286750ce00fef306",
        "type": "github"
      },
      "original": {
        "owner": "NixOS",
        "ref": "nixos-unstable-small",
        "repo": "nixpkgs",
        "type": "github"
      }
    },
    "root": {
      "inputs": {
        "nixpkgs": "nixpkgs"
      }
    }
  },
  "root": "root",
  "version": 7
}
