{
  "nodes": {
    "nixpkgs": {
      "locked": {
        "lastModified": 1746468322,
        "narHash": "sha256-gi+nSXz1TcN6W/2IBdY/+bL0cf+UcQqW/fs005qafHM=",
        "owner": "NixOS",
        "repo": "nixpkgs",
        "rev": "0a072c9decccf3a97974db48cda1457bfaf5d5c5",
        "type": "github"
      },
      "original": {
        "owner": "NixOS",
        "ref": "nixos-unstable-small",
        "repo": "nixpkgs",
        "type": "github"
      }
    },
    "root": {
      "inputs": {
        "nixpkgs": "nixpkgs"
      }
    }
  },
  "root": "root",
  "version": 7
}
